
Microsoft Visual Studio Solution File, Format Version 12.00
# Visual Studio 14
VisualStudioVersion = 14.0.23107.0
MinimumVisualStudioVersion = 10.0.40219.1
Project("{FAE04EC0-301F-11D3-BF4B-00C04F79EFBC}") = "awekid", "awekid\awekid.csproj", "{A71301E5-2488-4C21-9B5C-3AA443A5FE85}"
EndProject
Project("{FAE04EC0-301F-11D3-BF4B-00C04F79EFBC}") = "awekid.Tests", "awekid.Tests\awekid.Tests.csproj", "{A6434BA1-9A01-4AFF-A668-362FE2580EA4}"
EndProject
Global
	GlobalSection(SolutionConfigurationPlatforms) = preSolution
		Debug|Any CPU = Debug|Any CPU
		Release|Any CPU = Release|Any CPU
	EndGlobalSection
	GlobalSection(ProjectConfigurationPlatforms) = postSolution
		{A71301E5-2488-4C21-9B5C-3AA443A5FE85}.Debug|Any CPU.ActiveCfg = Debug|Any CPU
		{A71301E5-2488-4C21-9B5C-3AA443A5FE85}.Debug|Any CPU.Build.0 = Debug|Any CPU
		{A71301E5-2488-4C21-9B5C-3AA443A5FE85}.Release|Any CPU.ActiveCfg = Release|Any CPU
		{A71301E5-2488-4C21-9B5C-3AA443A5FE85}.Release|Any CPU.Build.0 = Release|Any CPU
		{A6434BA1-9A01-4AFF-A668-362FE2580EA4}.Debug|Any CPU.ActiveCfg = Debug|Any CPU
		{A6434BA1-9A01-4AFF-A668-362FE2580EA4}.Debug|Any CPU.Build.0 = Debug|Any CPU
		{A6434BA1-9A01-4AFF-A668-362FE2580EA4}.Release|Any CPU.ActiveCfg = Release|Any CPU
		{A6434BA1-9A01-4AFF-A668-362FE2580EA4}.Release|Any CPU.Build.0 = Release|Any CPU
	EndGlobalSection
	GlobalSection(SolutionProperties) = preSolution
		HideSolutionNode = FALSE
	EndGlobalSection
EndGlobal
